github.com/bxcodec/faker/v3 v3.5.0/go.mod h1:gF31YgnMSMKgkvl+fyEo1xuSMbEuieyqfeslGYFjneM=
github.com/bxcodec/faker/v3 v3.8.0 h1:F59Qqnsh0BOtZRC+c4cXoB/VNYDMS3R5mlSpxIap1oU=
github.com/bxcodec/faker/v3 v3.8.0/go.mod h1:gF31YgnMSMKgkvl+fyEo1xuSMbEuieyqfeslGYFjneM=
github.com/go-sql-driver/mysql v1.5.0/go.mod h1:DCzpHaOWr8IXmIStZouvnhqoel9Qv2LBy8hT2VhHyBg=
github.com/go-sql-driver/mysql v1.6.0 h1:BCTh4TKNUYmOmMUcQ3IipzF5prigylS7XXjEkfCHuOE=
github.com/go-sql-driver/mysql v1.6.0/go.mod h1:DCzpHaOWr8IXmIStZouvnhqoel9Qv2LBy8hT2VhHyBg=
github.com/joho/godotenv v1.3.0/go.mod h1:7hK45KPybAkOC6peb+G5yklZfMxEjkZhHbwpqxOKXbg=
github.com/joho/godotenv v1.4.0 h1:3l4+N6zfMWnkbPEXKng2o2/MR5mSwTrBih4ZEkkz1lg=
github.com/joho/godotenv v1.4.0/go.mod h1:f4LDr5Voq0i2e/R5DDNOoa2zzDfwtkZa6DnEwAbqwq4=
github.com/redhajuanda/goseeder v0.0.0-20200920125952-5a3f22c4dad3 h1:9m0up84vOnzlfQLwaHuwiIJxadpHEev0mD4AbpfPYAc=
github.com/redhajuanda/goseeder v0.0.0-20200920125952-5a3f22c4dad3/go.mod h1:RydvYrdoeYpB3GQA2vQ6wB+qu9/DWp/UoCd1SzZExhM=
